// !$*UTF8*$!
{
	archiveVersion = 1;
	classes = {
	};
	objectVersion = 77;
	objects = {

/* Begin PBXBuildFile section */
		407D7EF52D398A6500520288 /* Assets.xcassets in Resources */ = {isa = PBXBuildFile; fileRef = 407D7EEF2D398A6500520288 /* Assets.xcassets */; };
		407D7EF62D398A6500520288 /* Localizable.xcstrings in Resources */ = {isa = PBXBuildFile; fileRef = 407D7EF02D398A6500520288 /* Localizable.xcstrings */; };
		407D7EF72D398A6500520288 /* Preview Assets.xcassets in Resources */ = {isa = PBXBuildFile; fileRef = 407D7EF12D398A6500520288 /* Preview Assets.xcassets */; };
		407D7EF82D398A6500520288 /* Onboarding.swift in Sources */ = {isa = PBXBuildFile; fileRef = 407D7EE82D398A6500520288 /* Onboarding.swift */; };
		407D7EF92D398A6500520288 /* OnboardingViewModel.swift in Sources */ = {isa = PBXBuildFile; fileRef = 407D7EE92D398A6500520288 /* OnboardingViewModel.swift */; };
		407D7EFB2D398A6500520288 /* realdayApp.swift in Sources */ = {isa = PBXBuildFile; fileRef = 407D7EF32D398A6500520288 /* realdayApp.swift */; };
		407D7F002D398CF700520288 /* ArchitectureGate.swift in Sources */ = {isa = PBXBuildFile; fileRef = 407D7EFF2D398CF700520288 /* ArchitectureGate.swift */; };
		407D7F032D398D2500520288 /* UserManager.swift in Sources */ = {isa = PBXBuildFile; fileRef = 407D7F022D398D2500520288 /* UserManager.swift */; };
		4082226A2D3A725C00710A23 /* UINavigationController+Extension.swift in Sources */ = {isa = PBXBuildFile; fileRef = 408222692D3A725C00710A23 /* UINavigationController+Extension.swift */; };
		408222732D3A76E800710A23 /* DesignSystem in Frameworks */ = {isa = PBXBuildFile; productRef = 408222722D3A76E800710A23 /* DesignSystem */; };
		40C38A302D39B47E00FFDF97 /* SignUp.swift in Sources */ = {isa = PBXBuildFile; fileRef = 40C38A2F2D39B47E00FFDF97 /* SignUp.swift */; };
		40C38A322D39B48800FFDF97 /* SignUpViewModel.swift in Sources */ = {isa = PBXBuildFile; fileRef = 40C38A312D39B48800FFDF97 /* SignUpViewModel.swift */; };
		40C38A3A2D39B64500FFDF97 /* LogIn.swift in Sources */ = {isa = PBXBuildFile; fileRef = 40C38A392D39B64500FFDF97 /* LogIn.swift */; };
		40C38A3C2D39B65800FFDF97 /* LogInViewModel.swift in Sources */ = {isa = PBXBuildFile; fileRef = 40C38A3B2D39B65800FFDF97 /* LogInViewModel.swift */; };
/* End PBXBuildFile section */

/* Begin PBXContainerItemProxy section */
		407D7EB92D3988CF00520288 /* PBXContainerItemProxy */ = {
			isa = PBXContainerItemProxy;
			containerPortal = 407D7EA02D3988CE00520288 /* Project object */;
			proxyType = 1;
			remoteGlobalIDString = 407D7EA72D3988CE00520288;
			remoteInfo = realday;
		};
		407D7EC32D3988CF00520288 /* PBXContainerItemProxy */ = {
			isa = PBXContainerItemProxy;
			containerPortal = 407D7EA02D3988CE00520288 /* Project object */;
			proxyType = 1;
			remoteGlobalIDString = 407D7EA72D3988CE00520288;
			remoteInfo = realday;
		};
/* End PBXContainerItemProxy section */

/* Begin PBXFileReference section */
		407D7EA82D3988CE00520288 /* realday.app */ = {isa = PBXFileReference; explicitFileType = wrapper.application; includeInIndex = 0; path = realday.app; sourceTree = BUILT_PRODUCTS_DIR; };
		407D7EB82D3988CF00520288 /* realdayTests.xctest */ = {isa = PBXFileReference; explicitFileType = wrapper.cfbundle; includeInIndex = 0; path = realdayTests.xctest; sourceTree = BUILT_PRODUCTS_DIR; };
		407D7EC22D3988CF00520288 /* realdayUITests.xctest */ = {isa = PBXFileReference; explicitFileType = wrapper.cfbundle; includeInIndex = 0; path = realdayUITests.xctest; sourceTree = BUILT_PRODUCTS_DIR; };
		407D7EE82D398A6500520288 /* Onboarding.swift */ = {isa = PBXFileReference; lastKnownFileType = sourcecode.swift; path = Onboarding.swift; sourceTree = "<group>"; };
		407D7EE92D398A6500520288 /* OnboardingViewModel.swift */ = {isa = PBXFileReference; lastKnownFileType = sourcecode.swift; path = OnboardingViewModel.swift; sourceTree = "<group>"; };
		407D7EEF2D398A6500520288 /* Assets.xcassets */ = {isa = PBXFileReference; lastKnownFileType = folder.assetcatalog; path = Assets.xcassets; sourceTree = "<group>"; };
		407D7EF02D398A6500520288 /* Localizable.xcstrings */ = {isa = PBXFileReference; lastKnownFileType = text.json.xcstrings; path = Localizable.xcstrings; sourceTree = "<group>"; };
		407D7EF12D398A6500520288 /* Preview Assets.xcassets */ = {isa = PBXFileReference; lastKnownFileType = folder.assetcatalog; path = "Preview Assets.xcassets"; sourceTree = "<group>"; };
		407D7EF32D398A6500520288 /* realdayApp.swift */ = {isa = PBXFileReference; lastKnownFileType = sourcecode.swift; path = realdayApp.swift; sourceTree = "<group>"; };
		407D7EFF2D398CF700520288 /* ArchitectureGate.swift */ = {isa = PBXFileReference; lastKnownFileType = sourcecode.swift; path = ArchitectureGate.swift; sourceTree = "<group>"; };
		407D7F022D398D2500520288 /* UserManager.swift */ = {isa = PBXFileReference; lastKnownFileType = sourcecode.swift; path = UserManager.swift; sourceTree = "<group>"; };
		408222692D3A725C00710A23 /* UINavigationController+Extension.swift */ = {isa = PBXFileReference; lastKnownFileType = sourcecode.swift; path = "UINavigationController+Extension.swift"; sourceTree = "<group>"; };
		4082226B2D3A764200710A23 /* DesignSystem */ = {isa = PBXFileReference; lastKnownFileType = wrapper; path = DesignSystem; sourceTree = "<group>"; };
		408222742D3A774500710A23 /* Models */ = {isa = PBXFileReference; lastKnownFileType = wrapper; path = Models; sourceTree = "<group>"; };
		40C38A2F2D39B47E00FFDF97 /* SignUp.swift */ = {isa = PBXFileReference; lastKnownFileType = sourcecode.swift; path = SignUp.swift; sourceTree = "<group>"; };
		40C38A312D39B48800FFDF97 /* SignUpViewModel.swift */ = {isa = PBXFileReference; lastKnownFileType = sourcecode.swift; path = SignUpViewModel.swift; sourceTree = "<group>"; };
		40C38A392D39B64500FFDF97 /* LogIn.swift */ = {isa = PBXFileReference; lastKnownFileType = sourcecode.swift; path = LogIn.swift; sourceTree = "<group>"; };
		40C38A3B2D39B65800FFDF97 /* LogInViewModel.swift */ = {isa = PBXFileReference; lastKnownFileType = sourcecode.swift; path = LogInViewModel.swift; sourceTree = "<group>"; };
/* End PBXFileReference section */

/* Begin PBXFileSystemSynchronizedRootGroup section */
		407D7EBB2D3988CF00520288 /* realdayTests */ = {
			isa = PBXFileSystemSynchronizedRootGroup;
			path = realdayTests;
			sourceTree = "<group>";
		};
		407D7EC52D3988CF00520288 /* realdayUITests */ = {
			isa = PBXFileSystemSynchronizedRootGroup;
			path = realdayUITests;
			sourceTree = "<group>";
		};
/* End PBXFileSystemSynchronizedRootGroup section */

/* Begin PBXFrameworksBuildPhase section */
		407D7EA52D3988CE00520288 /* Frameworks */ = {
			isa = PBXFrameworksBuildPhase;
			buildActionMask = 2147483647;
			files = (
				408222732D3A76E800710A23 /* DesignSystem in Frameworks */,
			);
			runOnlyForDeploymentPostprocessing = 0;
		};
		407D7EB52D3988CF00520288 /* Frameworks */ = {
			isa = PBXFrameworksBuildPhase;
			buildActionMask = 2147483647;
			files = (
			);
			runOnlyForDeploymentPostprocessing = 0;
		};
		407D7EBF2D3988CF00520288 /* Frameworks */ = {
			isa = PBXFrameworksBuildPhase;
			buildActionMask = 2147483647;
			files = (
			);
			runOnlyForDeploymentPostprocessing = 0;
		};
/* End PBXFrameworksBuildPhase section */

/* Begin PBXGroup section */
		407D7E9F2D3988CE00520288 = {
			isa = PBXGroup;
			children = (
				408222742D3A774500710A23 /* Models */,
				4082226B2D3A764200710A23 /* DesignSystem */,
				407D7EF42D398A6500520288 /* realday */,
				407D7EBB2D3988CF00520288 /* realdayTests */,
				407D7EC52D3988CF00520288 /* realdayUITests */,
				407D7F042D398DC000520288 /* Frameworks */,
				407D7EA92D3988CE00520288 /* Products */,
			);
			sourceTree = "<group>";
		};
		407D7EA92D3988CE00520288 /* Products */ = {
			isa = PBXGroup;
			children = (
				407D7EA82D3988CE00520288 /* realday.app */,
				407D7EB82D3988CF00520288 /* realdayTests.xctest */,
				407D7EC22D3988CF00520288 /* realdayUITests.xctest */,
			);
			name = Products;
			sourceTree = "<group>";
		};
		407D7EEA2D398A6500520288 /* Onboarding */ = {
			isa = PBXGroup;
			children = (
				407D7EE82D398A6500520288 /* Onboarding.swift */,
				407D7EE92D398A6500520288 /* OnboardingViewModel.swift */,
			);
			path = Onboarding;
			sourceTree = "<group>";
		};
		407D7EEC2D398A6500520288 /* Architecture */ = {
			isa = PBXGroup;
			children = (
				407D7EF32D398A6500520288 /* realdayApp.swift */,
				407D7EFF2D398CF700520288 /* ArchitectureGate.swift */,
				407D7EEA2D398A6500520288 /* Onboarding */,
				40C38A2E2D39B41700FFDF97 /* SignUp */,
				40C38A382D39B63700FFDF97 /* LogIn */,
			);
			path = Architecture;
			sourceTree = "<group>";
		};
		407D7EF22D398A6500520288 /* Supporting Files */ = {
			isa = PBXGroup;
			children = (
				407D7EEF2D398A6500520288 /* Assets.xcassets */,
				407D7EF02D398A6500520288 /* Localizable.xcstrings */,
			);
			path = "Supporting Files";
			sourceTree = "<group>";
		};
		407D7EF42D398A6500520288 /* realday */ = {
			isa = PBXGroup;
			children = (
				407D7EF22D398A6500520288 /* Supporting Files */,
				407D7EFD2D398AC000520288 /* Preview Content */,
				408222682D3A724900710A23 /* Convenients */,
				407D7F012D398D1700520288 /* Managers */,
				407D7EEC2D398A6500520288 /* Architecture */,
			);
			path = realday;
			sourceTree = "<group>";
		};
		407D7EFD2D398AC000520288 /* Preview Content */ = {
			isa = PBXGroup;
			children = (
				407D7EF12D398A6500520288 /* Preview Assets.xcassets */,
			);
			path = "Preview Content";
			sourceTree = "<group>";
		};
		407D7F012D398D1700520288 /* Managers */ = {
			isa = PBXGroup;
			children = (
				407D7F022D398D2500520288 /* UserManager.swift */,
			);
			path = Managers;
			sourceTree = "<group>";
		};
		407D7F042D398DC000520288 /* Frameworks */ = {
			isa = PBXGroup;
			children = (
			);
			name = Frameworks;
			sourceTree = "<group>";
		};
		408222682D3A724900710A23 /* Convenients */ = {
			isa = PBXGroup;
			children = (
				408222692D3A725C00710A23 /* UINavigationController+Extension.swift */,
			);
			path = Convenients;
			sourceTree = "<group>";
		};
		40C38A2E2D39B41700FFDF97 /* SignUp */ = {
			isa = PBXGroup;
			children = (
				40C38A2F2D39B47E00FFDF97 /* SignUp.swift */,
				40C38A312D39B48800FFDF97 /* SignUpViewModel.swift */,
			);
			path = SignUp;
			sourceTree = "<group>";
		};
		40C38A382D39B63700FFDF97 /* LogIn */ = {
			isa = PBXGroup;
			children = (
				40C38A392D39B64500FFDF97 /* LogIn.swift */,
				40C38A3B2D39B65800FFDF97 /* LogInViewModel.swift */,
			);
			path = LogIn;
			sourceTree = "<group>";
		};
/* End PBXGroup section */

/* Begin PBXNativeTarget section */
		407D7EA72D3988CE00520288 /* realday */ = {
			isa = PBXNativeTarget;
			buildConfigurationList = 407D7ECC2D3988CF00520288 /* Build configuration list for PBXNativeTarget "realday" */;
			buildPhases = (
				407D7EA42D3988CE00520288 /* Sources */,
				407D7EA52D3988CE00520288 /* Frameworks */,
				407D7EA62D3988CE00520288 /* Resources */,
			);
			buildRules = (
			);
			dependencies = (
			);
			name = realday;
			packageProductDependencies = (
				407D7F072D398DC000520288 /* Models */,
				408222722D3A76E800710A23 /* DesignSystem */,
			);
			productName = realday;
			productReference = 407D7EA82D3988CE00520288 /* realday.app */;
			productType = "com.apple.product-type.application";
		};
		407D7EB72D3988CF00520288 /* realdayTests */ = {
			isa = PBXNativeTarget;
			buildConfigurationList = 407D7ECF2D3988CF00520288 /* Build configuration list for PBXNativeTarget "realdayTests" */;
			buildPhases = (
				407D7EB42D3988CF00520288 /* Sources */,
				407D7EB52D3988CF00520288 /* Frameworks */,
				407D7EB62D3988CF00520288 /* Resources */,
			);
			buildRules = (
			);
			dependencies = (
				407D7EBA2D3988CF00520288 /* PBXTargetDependency */,
			);
			fileSystemSynchronizedGroups = (
				407D7EBB2D3988CF00520288 /* realdayTests */,
			);
			name = realdayTests;
			packageProductDependencies = (
			);
			productName = realdayTests;
			productReference = 407D7EB82D3988CF00520288 /* realdayTests.xctest */;
			productType = "com.apple.product-type.bundle.unit-test";
		};
		407D7EC12D3988CF00520288 /* realdayUITests */ = {
			isa = PBXNativeTarget;
			buildConfigurationList = 407D7ED22D3988CF00520288 /* Build configuration list for PBXNativeTarget "realdayUITests" */;
			buildPhases = (
				407D7EBE2D3988CF00520288 /* Sources */,
				407D7EBF2D3988CF00520288 /* Frameworks */,
				407D7EC02D3988CF00520288 /* Resources */,
			);
			buildRules = (
			);
			dependencies = (
				407D7EC42D3988CF00520288 /* PBXTargetDependency */,
			);
			fileSystemSynchronizedGroups = (
				407D7EC52D3988CF00520288 /* realdayUITests */,
			);
			name = realdayUITests;
			packageProductDependencies = (
			);
			productName = realdayUITests;
			productReference = 407D7EC22D3988CF00520288 /* realdayUITests.xctest */;
			productType = "com.apple.product-type.bundle.ui-testing";
		};
/* End PBXNativeTarget section */

/* Begin PBXProject section */
		407D7EA02D3988CE00520288 /* Project object */ = {
			isa = PBXProject;
			attributes = {
				BuildIndependentTargetsInParallel = 1;
				LastSwiftUpdateCheck = 1620;
				LastUpgradeCheck = 1620;
				TargetAttributes = {
					407D7EA72D3988CE00520288 = {
						CreatedOnToolsVersion = 16.2;
					};
					407D7EB72D3988CF00520288 = {
						CreatedOnToolsVersion = 16.2;
						TestTargetID = 407D7EA72D3988CE00520288;
					};
					407D7EC12D3988CF00520288 = {
						CreatedOnToolsVersion = 16.2;
						TestTargetID = 407D7EA72D3988CE00520288;
					};
				};
			};
			buildConfigurationList = 407D7EA32D3988CE00520288 /* Build configuration list for PBXProject "realday" */;
			developmentRegion = en;
			hasScannedForEncodings = 0;
			knownRegions = (
				en,
				Base,
			);
			mainGroup = 407D7E9F2D3988CE00520288;
			minimizedProjectReferenceProxies = 1;
			preferredProjectObjectVersion = 77;
			productRefGroup = 407D7EA92D3988CE00520288 /* Products */;
			projectDirPath = "";
			projectRoot = "";
			targets = (
				407D7EA72D3988CE00520288 /* realday */,
				407D7EB72D3988CF00520288 /* realdayTests */,
				407D7EC12D3988CF00520288 /* realdayUITests */,
			);
		};
/* End PBXProject section */

/* Begin PBXResourcesBuildPhase section */
		407D7EA62D3988CE00520288 /* Resources */ = {
			isa = PBXResourcesBuildPhase;
			buildActionMask = 2147483647;
			files = (
				407D7EF52D398A6500520288 /* Assets.xcassets in Resources */,
				407D7EF62D398A6500520288 /* Localizable.xcstrings in Resources */,
				407D7EF72D398A6500520288 /* Preview Assets.xcassets in Resources */,
			);
			runOnlyForDeploymentPostprocessing = 0;
		};
		407D7EB62D3988CF00520288 /* Resources */ = {
			isa = PBXResourcesBuildPhase;
			buildActionMask = 2147483647;
			files = (
			);
			runOnlyForDeploymentPostprocessing = 0;
		};
		407D7EC02D3988CF00520288 /* Resources */ = {
			isa = PBXResourcesBuildPhase;
			buildActionMask = 2147483647;
			files = (
			);
			runOnlyForDeploymentPostprocessing = 0;
		};
/* End PBXResourcesBuildPhase section */

/* Begin PBXSourcesBuildPhase section */
		407D7EA42D3988CE00520288 /* Sources */ = {
			isa = PBXSourcesBuildPhase;
			buildActionMask = 2147483647;
			files = (
				407D7EF82D398A6500520288 /* Onboarding.swift in Sources */,
				40C38A302D39B47E00FFDF97 /* SignUp.swift in Sources */,
				407D7F002D398CF700520288 /* ArchitectureGate.swift in Sources */,
				407D7EF92D398A6500520288 /* OnboardingViewModel.swift in Sources */,
				40C38A3C2D39B65800FFDF97 /* LogInViewModel.swift in Sources */,
				407D7F032D398D2500520288 /* UserManager.swift in Sources */,
				407D7EFB2D398A6500520288 /* realdayApp.swift in Sources */,
				4082226A2D3A725C00710A23 /* UINavigationController+Extension.swift in Sources */,
				40C38A322D39B48800FFDF97 /* SignUpViewModel.swift in Sources */,
				40C38A3A2D39B64500FFDF97 /* LogIn.swift in Sources */,
			);
			runOnlyForDeploymentPostprocessing = 0;
		};
		407D7EB42D3988CF00520288 /* Sources */ = {
			isa = PBXSourcesBuildPhase;
			buildActionMask = 2147483647;
			files = (
			);
			runOnlyForDeploymentPostprocessing = 0;
		};
		407D7EBE2D3988CF00520288 /* Sources */ = {
			isa = PBXSourcesBuildPhase;
			buildActionMask = 2147483647;
			files = (
			);
			runOnlyForDeploymentPostprocessing = 0;
		};
/* End PBXSourcesBuildPhase section */

/* Begin PBXTargetDependency section */
		407D7EBA2D3988CF00520288 /* PBXTargetDependency */ = {
			isa = PBXTargetDependency;
			target = 407D7EA72D3988CE00520288 /* realday */;
			targetProxy = 407D7EB92D3988CF00520288 /* PBXContainerItemProxy */;
		};
		407D7EC42D3988CF00520288 /* PBXTargetDependency */ = {
			isa = PBXTargetDependency;
			target = 407D7EA72D3988CE00520288 /* realday */;
			targetProxy = 407D7EC32D3988CF00520288 /* PBXContainerItemProxy */;
		};
/* End PBXTargetDependency section */

/* Begin XCBuildConfiguration section */
		407D7ECA2D3988CF00520288 /* Debug */ = {
			isa = XCBuildConfiguration;
			buildSettings = {
				ALWAYS_SEARCH_USER_PATHS = NO;
				ASSETCATALOG_COMPILER_GENERATE_SWIFT_ASSET_SYMBOL_EXTENSIONS = YES;
				CLANG_ANALYZER_NONNULL = YES;
				CLANG_ANALYZER_NUMBER_OBJECT_CONVERSION = YES_AGGRESSIVE;
				CLANG_CXX_LANGUAGE_STANDARD = "gnu++20";
				CLANG_ENABLE_MODULES = YES;
				CLANG_ENABLE_OBJC_ARC = YES;
				CLANG_ENABLE_OBJC_WEAK = YES;
				CLANG_WARN_BLOCK_CAPTURE_AUTORELEASING = YES;
				CLANG_WARN_BOOL_CONVERSION = YES;
				CLANG_WARN_COMMA = YES;
				CLANG_WARN_CONSTANT_CONVERSION = YES;
				CLANG_WARN_DEPRECATED_OBJC_IMPLEMENTATIONS = YES;
				CLANG_WARN_DIRECT_OBJC_ISA_USAGE = YES_ERROR;
				CLANG_WARN_DOCUMENTATION_COMMENTS = YES;
				CLANG_WARN_EMPTY_BODY = YES;
				CLANG_WARN_ENUM_CONVERSION = YES;
				CLANG_WARN_INFINITE_RECURSION = YES;
				CLANG_WARN_INT_CONVERSION = YES;
				CLANG_WARN_NON_LITERAL_NULL_CONVERSION = YES;
				CLANG_WARN_OBJC_IMPLICIT_RETAIN_SELF = YES;
				CLANG_WARN_OBJC_LITERAL_CONVERSION = YES;
				CLANG_WARN_OBJC_ROOT_CLASS = YES_ERROR;
				CLANG_WARN_QUOTED_INCLUDE_IN_FRAMEWORK_HEADER = YES;
				CLANG_WARN_RANGE_LOOP_ANALYSIS = YES;
				CLANG_WARN_STRICT_PROTOTYPES = YES;
				CLANG_WARN_SUSPICIOUS_MOVE = YES;
				CLANG_WARN_UNGUARDED_AVAILABILITY = YES_AGGRESSIVE;
				CLANG_WARN_UNREACHABLE_CODE = YES;
				CLANG_WARN__DUPLICATE_METHOD_MATCH = YES;
				COPY_PHASE_STRIP = NO;
				DEBUG_INFORMATION_FORMAT = dwarf;
				ENABLE_STRICT_OBJC_MSGSEND = YES;
				ENABLE_TESTABILITY = YES;
				ENABLE_USER_SCRIPT_SANDBOXING = YES;
				GCC_C_LANGUAGE_STANDARD = gnu17;
				GCC_DYNAMIC_NO_PIC = NO;
				GCC_NO_COMMON_BLOCKS = YES;
				GCC_OPTIMIZATION_LEVEL = 0;
				GCC_PREPROCESSOR_DEFINITIONS = (
					"DEBUG=1",
					"$(inherited)",
				);
				GCC_WARN_64_TO_32_BIT_CONVERSION = YES;
				GCC_WARN_ABOUT_RETURN_TYPE = YES_ERROR;
				GCC_WARN_UNDECLARED_SELECTOR = YES;
				GCC_WARN_UNINITIALIZED_AUTOS = YES_AGGRESSIVE;
				GCC_WARN_UNUSED_FUNCTION = YES;
				GCC_WARN_UNUSED_VARIABLE = YES;
				IPHONEOS_DEPLOYMENT_TARGET = 18.2;
				LOCALIZATION_PREFERS_STRING_CATALOGS = YES;
				MTL_ENABLE_DEBUG_INFO = INCLUDE_SOURCE;
				MTL_FAST_MATH = YES;
				ONLY_ACTIVE_ARCH = YES;
				SDKROOT = iphoneos;
				SWIFT_ACTIVE_COMPILATION_CONDITIONS = "DEBUG $(inherited)";
				SWIFT_EMIT_LOC_STRINGS = YES;
				SWIFT_OPTIMIZATION_LEVEL = "-Onone";
			};
			name = Debug;
		};
		407D7ECB2D3988CF00520288 /* Release */ = {
			isa = XCBuildConfiguration;
			buildSettings = {
				ALWAYS_SEARCH_USER_PATHS = NO;
				ASSETCATALOG_COMPILER_GENERATE_SWIFT_ASSET_SYMBOL_EXTENSIONS = YES;
				CLANG_ANALYZER_NONNULL = YES;
				CLANG_ANALYZER_NUMBER_OBJECT_CONVERSION = YES_AGGRESSIVE;
				CLANG_CXX_LANGUAGE_STANDARD = "gnu++20";
				CLANG_ENABLE_MODULES = YES;
				CLANG_ENABLE_OBJC_ARC = YES;
				CLANG_ENABLE_OBJC_WEAK = YES;
				CLANG_WARN_BLOCK_CAPTURE_AUTORELEASING = YES;
				CLANG_WARN_BOOL_CONVERSION = YES;
				CLANG_WARN_COMMA = YES;
				CLANG_WARN_CONSTANT_CONVERSION = YES;
				CLANG_WARN_DEPRECATED_OBJC_IMPLEMENTATIONS = YES;
				CLANG_WARN_DIRECT_OBJC_ISA_USAGE = YES_ERROR;
				CLANG_WARN_DOCUMENTATION_COMMENTS = YES;
				CLANG_WARN_EMPTY_BODY = YES;
				CLANG_WARN_ENUM_CONVERSION = YES;
				CLANG_WARN_INFINITE_RECURSION = YES;
				CLANG_WARN_INT_CONVERSION = YES;
				CLANG_WARN_NON_LITERAL_NULL_CONVERSION = YES;
				CLANG_WARN_OBJC_IMPLICIT_RETAIN_SELF = YES;
				CLANG_WARN_OBJC_LITERAL_CONVERSION = YES;
				CLANG_WARN_OBJC_ROOT_CLASS = YES_ERROR;
				CLANG_WARN_QUOTED_INCLUDE_IN_FRAMEWORK_HEADER = YES;
				CLANG_WARN_RANGE_LOOP_ANALYSIS = YES;
				CLANG_WARN_STRICT_PROTOTYPES = YES;
				CLANG_WARN_SUSPICIOUS_MOVE = YES;
				CLANG_WARN_UNGUARDED_AVAILABILITY = YES_AGGRESSIVE;
				CLANG_WARN_UNREACHABLE_CODE = YES;
				CLANG_WARN__DUPLICATE_METHOD_MATCH = YES;
				COPY_PHASE_STRIP = NO;
				DEBUG_INFORMATION_FORMAT = "dwarf-with-dsym";
				ENABLE_NS_ASSERTIONS = NO;
				ENABLE_STRICT_OBJC_MSGSEND = YES;
				ENABLE_USER_SCRIPT_SANDBOXING = YES;
				GCC_C_LANGUAGE_STANDARD = gnu17;
				GCC_NO_COMMON_BLOCKS = YES;
				GCC_WARN_64_TO_32_BIT_CONVERSION = YES;
				GCC_WARN_ABOUT_RETURN_TYPE = YES_ERROR;
				GCC_WARN_UNDECLARED_SELECTOR = YES;
				GCC_WARN_UNINITIALIZED_AUTOS = YES_AGGRESSIVE;
				GCC_WARN_UNUSED_FUNCTION = YES;
				GCC_WARN_UNUSED_VARIABLE = YES;
				IPHONEOS_DEPLOYMENT_TARGET = 18.2;
				LOCALIZATION_PREFERS_STRING_CATALOGS = YES;
				MTL_ENABLE_DEBUG_INFO = NO;
				MTL_FAST_MATH = YES;
				SDKROOT = iphoneos;
				SWIFT_COMPILATION_MODE = wholemodule;
				SWIFT_EMIT_LOC_STRINGS = YES;
				VALIDATE_PRODUCT = YES;
			};
			name = Release;
		};
		407D7ECD2D3988CF00520288 /* Debug */ = {
			isa = XCBuildConfiguration;
			buildSettings = {
				ASSETCATALOG_COMPILER_APPICON_NAME = AppIcon;
				ASSETCATALOG_COMPILER_GLOBAL_ACCENT_COLOR_NAME = AccentColor;
				CODE_SIGN_STYLE = Automatic;
				CURRENT_PROJECT_VERSION = 1;
				DEVELOPMENT_ASSET_PATHS = "\"realday/Preview Content\"";
				DEVELOPMENT_TEAM = 99934KCD3X;
				ENABLE_PREVIEWS = YES;
				GENERATE_INFOPLIST_FILE = YES;
				INFOPLIST_KEY_CFBundleDisplayName = RealDay;
				INFOPLIST_KEY_LSApplicationCategoryType = "public.app-category.social-networking";
				INFOPLIST_KEY_UIApplicationSceneManifest_Generation = YES;
				INFOPLIST_KEY_UIApplicationSupportsIndirectInputEvents = YES;
				INFOPLIST_KEY_UILaunchScreen_Generation = YES;
				INFOPLIST_KEY_UISupportedInterfaceOrientations = UIInterfaceOrientationPortrait;
				IPHONEOS_DEPLOYMENT_TARGET = 18.0;
				LD_RUNPATH_SEARCH_PATHS = (
					"$(inherited)",
					"@executable_path/Frameworks",
				);
				MARKETING_VERSION = 1.0;
				PRODUCT_BUNDLE_IDENTIFIER = "com.prismatic-apps.realday";
				PRODUCT_NAME = "$(TARGET_NAME)";
				SWIFT_EMIT_LOC_STRINGS = YES;
				SWIFT_VERSION = 5.0;
				TARGETED_DEVICE_FAMILY = "1,2";
			};
			name = Debug;
		};
		407D7ECE2D3988CF00520288 /* Release */ = {
			isa = XCBuildConfiguration;
			buildSettings = {
				ASSETCATALOG_COMPILER_APPICON_NAME = AppIcon;
				ASSETCATALOG_COMPILER_GLOBAL_ACCENT_COLOR_NAME = AccentColor;
				CODE_SIGN_STYLE = Automatic;
				CURRENT_PROJECT_VERSION = 1;
				DEVELOPMENT_ASSET_PATHS = "\"realday/Preview Content\"";
				DEVELOPMENT_TEAM = 99934KCD3X;
				ENABLE_PREVIEWS = YES;
				GENERATE_INFOPLIST_FILE = YES;
				INFOPLIST_KEY_CFBundleDisplayName = RealDay;
				INFOPLIST_KEY_LSApplicationCategoryType = "public.app-category.social-networking";
				INFOPLIST_KEY_UIApplicationSceneManifest_Generation = YES;
				INFOPLIST_KEY_UIApplicationSupportsIndirectInputEvents = YES;
				INFOPLIST_KEY_UILaunchScreen_Generation = YES;
				INFOPLIST_KEY_UISupportedInterfaceOrientations = UIInterfaceOrientationPortrait;
				IPHONEOS_DEPLOYMENT_TARGET = 18.0;
				LD_RUNPATH_SEARCH_PATHS = (
					"$(inherited)",
					"@executable_path/Frameworks",
				);
				MARKETING_VERSION = 1.0;
				PRODUCT_BUNDLE_IDENTIFIER = "com.prismatic-apps.realday";
				PRODUCT_NAME = "$(TARGET_NAME)";
				SWIFT_EMIT_LOC_STRINGS = YES;
				SWIFT_VERSION = 5.0;
				TARGETED_DEVICE_FAMILY = "1,2";
			};
			name = Release;
		};
		407D7ED02D3988CF00520288 /* Debug */ = {
			isa = XCBuildConfiguration;
			buildSettings = {
				BUNDLE_LOADER = "$(TEST_HOST)";
				CODE_SIGN_STYLE = Automatic;
				CURRENT_PROJECT_VERSION = 1;
				DEVELOPMENT_TEAM = 99934KCD3X;
				GENERATE_INFOPLIST_FILE = YES;
				IPHONEOS_DEPLOYMENT_TARGET = 18.2;
				MARKETING_VERSION = 1.0;
				PRODUCT_BUNDLE_IDENTIFIER = "com.prismatic-apps.realdayTests";
				PRODUCT_NAME = "$(TARGET_NAME)";
				SWIFT_EMIT_LOC_STRINGS = NO;
				SWIFT_VERSION = 5.0;
				TARGETED_DEVICE_FAMILY = "1,2";
				TEST_HOST = "$(BUILT_PRODUCTS_DIR)/realday.app/$(BUNDLE_EXECUTABLE_FOLDER_PATH)/realday";
			};
			name = Debug;
		};
		407D7ED12D3988CF00520288 /* Release */ = {
			isa = XCBuildConfiguration;
			buildSettings = {
				BUNDLE_LOADER = "$(TEST_HOST)";
				CODE_SIGN_STYLE = Automatic;
				CURRENT_PROJECT_VERSION = 1;
				DEVELOPMENT_TEAM = 99934KCD3X;
				GENERATE_INFOPLIST_FILE = YES;
				IPHONEOS_DEPLOYMENT_TARGET = 18.2;
				MARKETING_VERSION = 1.0;
				PRODUCT_BUNDLE_IDENTIFIER = "com.prismatic-apps.realdayTests";
				PRODUCT_NAME = "$(TARGET_NAME)";
				SWIFT_EMIT_LOC_STRINGS = NO;
				SWIFT_VERSION = 5.0;
				TARGETED_DEVICE_FAMILY = "1,2";
				TEST_HOST = "$(BUILT_PRODUCTS_DIR)/realday.app/$(BUNDLE_EXECUTABLE_FOLDER_PATH)/realday";
			};
			name = Release;
		};
		407D7ED32D3988CF00520288 /* Debug */ = {
			isa = XCBuildConfiguration;
			buildSettings = {
				CODE_SIGN_STYLE = Automatic;
				CURRENT_PROJECT_VERSION = 1;
				DEVELOPMENT_TEAM = 99934KCD3X;
				GENERATE_INFOPLIST_FILE = YES;
				MARKETING_VERSION = 1.0;
				PRODUCT_BUNDLE_IDENTIFIER = "com.prismatic-apps.realdayUITests";
				PRODUCT_NAME = "$(TARGET_NAME)";
				SWIFT_EMIT_LOC_STRINGS = NO;
				SWIFT_VERSION = 5.0;
				TARGETED_DEVICE_FAMILY = "1,2";
				TEST_TARGET_NAME = realday;
			};
			name = Debug;
		};
		407D7ED42D3988CF00520288 /* Release */ = {
			isa = XCBuildConfiguration;
			buildSettings = {
				CODE_SIGN_STYLE = Automatic;
				CURRENT_PROJECT_VERSION = 1;
				DEVELOPMENT_TEAM = 99934KCD3X;
				GENERATE_INFOPLIST_FILE = YES;
				MARKETING_VERSION = 1.0;
				PRODUCT_BUNDLE_IDENTIFIER = "com.prismatic-apps.realdayUITests";
				PRODUCT_NAME = "$(TARGET_NAME)";
				SWIFT_EMIT_LOC_STRINGS = NO;
				SWIFT_VERSION = 5.0;
				TARGETED_DEVICE_FAMILY = "1,2";
				TEST_TARGET_NAME = realday;
			};
			name = Release;
		};
/* End XCBuildConfiguration section */

/* Begin XCConfigurationList section */
		407D7EA32D3988CE00520288 /* Build configuration list for PBXProject "realday" */ = {
			isa = XCConfigurationList;
			buildConfigurations = (
				407D7ECA2D3988CF00520288 /* Debug */,
				407D7ECB2D3988CF00520288 /* Release */,
			);
			defaultConfigurationIsVisible = 0;
			defaultConfigurationName = Release;
		};
		407D7ECC2D3988CF00520288 /* Build configuration list for PBXNativeTarget "realday" */ = {
			isa = XCConfigurationList;
			buildConfigurations = (
				407D7ECD2D3988CF00520288 /* Debug */,
				407D7ECE2D3988CF00520288 /* Release */,
			);
			defaultConfigurationIsVisible = 0;
			defaultConfigurationName = Release;
		};
		407D7ECF2D3988CF00520288 /* Build configuration list for PBXNativeTarget "realdayTests" */ = {
			isa = XCConfigurationList;
			buildConfigurations = (
				407D7ED02D3988CF00520288 /* Debug */,
				407D7ED12D3988CF00520288 /* Release */,
			);
			defaultConfigurationIsVisible = 0;
			defaultConfigurationName = Release;
		};
		407D7ED22D3988CF00520288 /* Build configuration list for PBXNativeTarget "realdayUITests" */ = {
			isa = XCConfigurationList;
			buildConfigurations = (
				407D7ED32D3988CF00520288 /* Debug */,
				407D7ED42D3988CF00520288 /* Release */,
			);
			defaultConfigurationIsVisible = 0;
			defaultConfigurationName = Release;
		};
/* End XCConfigurationList section */

/* Begin XCSwiftPackageProductDependency section */
		407D7F072D398DC000520288 /* Models */ = {
			isa = XCSwiftPackageProductDependency;
			productName = Models;
		};
		408222722D3A76E800710A23 /* DesignSystem */ = {
			isa = XCSwiftPackageProductDependency;
			productName = DesignSystem;
		};
/* End XCSwiftPackageProductDependency section */
	};
	rootObject = 407D7EA02D3988CE00520288 /* Project object */;
}
